
Microsoft Visual Studio Solution File, Format Version 12.00
# Visual Studio Version 16
VisualStudioVersion = 16.0.32510.428
MinimumVisualStudioVersion = 10.0.40219.1
Project("{FAE04EC0-301F-11D3-BF4B-00C04F79EFBC}") = "OrdersAPI", "OrdersAPI\OrdersAPI.csproj", "{C1AF1BAF-4EEF-41F3-BACF-508DF7668F6D}"
EndProject
Global
	GlobalSection(SolutionConfigurationPlatforms) = preSolution
		Debug|Any CPU = Debug|Any CPU
		Release|Any CPU = Release|Any CPU
	EndGlobalSection
	GlobalSection(ProjectConfigurationPlatforms) = postSolution
		{C1AF1BAF-4EEF-41F3-BACF-508DF7668F6D}.Debug|Any CPU.ActiveCfg = Debug|Any CPU
		{C1AF1BAF-4EEF-41F3-BACF-508DF7668F6D}.Debug|Any CPU.Build.0 = Debug|Any CPU
		{C1AF1BAF-4EEF-41F3-BACF-508DF7668F6D}.Release|Any CPU.ActiveCfg = Release|Any CPU
		{C1AF1BAF-4EEF-41F3-BACF-508DF7668F6D}.Release|Any CPU.Build.0 = Release|Any CPU
	EndGlobalSection
	GlobalSection(SolutionProperties) = preSolution
		HideSolutionNode = FALSE
	EndGlobalSection
	GlobalSection(ExtensibilityGlobals) = postSolution
		SolutionGuid = {B330F546-47E1-4BF2-A446-5A489F1A7EFB}
	EndGlobalSection
EndGlobal
